Microsoft Visual Studio Solution File, Format Version 12.00
# Visual Studio Version 18
VisualStudioVersion = 18.0.11116.177
MinimumVisualStudioVersion = 10.0.40219.1
Project("{9A19103F-16F7-4668-BE54-9A1E7A4F7556}") = "Zetian", "src\Zetian\Zetian.csproj", "{A1B2C3D4-E5F6-7890-1234-567890ABCDEF}"
EndProject
Project("{9A19103F-16F7-4668-BE54-9A1E7A4F7556}") = "Zetian.Tests", "tests\Zetian.Tests\Zetian.Tests.csproj", "{F1E2D3C4-B5A6-9870-4321-0987654321FE}"
EndProject
Project("{9A19103F-16F7-4668-BE54-9A1E7A4F7556}") = "Zetian.Examples", "examples\Zetian.Examples\Zetian.Examples.csproj", "{D1C2B3A4-5E6F-8901-2345-678901234567}"
EndProject
Project("{9A19103F-16F7-4668-BE54-9A1E7A4F7556}") = "Zetian.Benchmarks", "benchmarks\Zetian.Benchmarks\Zetian.Benchmarks.csproj", "{E2D3C4F5-B6A7-0981-5432-109876543210}"
EndProject
Project("{2150E333-8FDC-42A3-9474-1A3956D46DE8}") = "src", "src", "{1A2B3C4D-5E6F-7890-AB12-CD34567890EF}"
EndProject
Project("{2150E333-8FDC-42A3-9474-1A3956D46DE8}") = "tests", "tests", "{9A8B7C6D-5E4F-3210-FE21-0987654321DC}"
EndProject
Project("{2150E333-8FDC-42A3-9474-1A3956D46DE8}") = "examples", "examples", "{7A6B5C4D-3E2F-1098-7654-321098765432}"
EndProject
Project("{2150E333-8FDC-42A3-9474-1A3956D46DE8}") = "benchmarks", "benchmarks", "{8B7C6D5E-4F3A-2109-8765-432101234567}"
EndProject
Project("{2150E333-8FDC-42A3-9474-1A3956D46DE8}") = "Solution Items", "Solution Items", "{089100B1-113F-4E66-888A-E83F3999EAFD}"
	ProjectSection(SolutionItems) = preProject
		.editorconfig = .editorconfig
		global.json = global.json
		NuGet.Config = NuGet.Config
	EndProjectSection
EndProject
Project("{FAE04EC0-301F-11D3-BF4B-00C04F79EFBC}") = "Zetian.TestExamples", "examples\Zetian.TestExamples\Zetian.TestExamples.csproj", "{5645B999-435A-CB2F-BD03-97D3D8650756}"
EndProject
Project("{FAE04EC0-301F-11D3-BF4B-00C04F79EFBC}") = "Zetian.HealthCheck", "src\Zetian.HealthCheck\Zetian.HealthCheck.csproj", "{0C69FB50-DDB3-929E-F54E-54E2F1E8FCFE}"
EndProject
Project("{FAE04EC0-301F-11D3-BF4B-00C04F79EFBC}") = "Zetian.HealthCheck.Tests", "tests\Zetian.HealthCheck.Tests\Zetian.HealthCheck.Tests.csproj", "{52CC353C-642C-34DE-86DF-4CCBBB686977}"
EndProject
Project("{FAE04EC0-301F-11D3-BF4B-00C04F79EFBC}") = "Zetian.HealthCheck.Examples", "examples\Zetian.HealthCheck.Examples\Zetian.HealthCheck.Examples.csproj", "{2FE5FDB6-73D0-36E6-0A5D-1176030BEBA7}"
EndProject
Project("{FAE04EC0-301F-11D3-BF4B-00C04F79EFBC}") = "Zetian.AotExamples", "examples\Zetian.AotExamples\Zetian.AotExamples.csproj", "{B017C8D0-33F6-ED83-D48E-6604A980A771}"
EndProject
Project("{FAE04EC0-301F-11D3-BF4B-00C04F79EFBC}") = "Zetian.Compare.Benchmarks", "benchmarks\Zetian.Compare.Benchmarks\Zetian.Compare.Benchmarks.csproj", "{1714FB89-C994-E927-2C2F-40CFF72C18CA}"
EndProject
Project("{2150E333-8FDC-42A3-9474-1A3956D46DE8}") = "Storage", "Storage", "{08125640-7492-4998-ABE2-9D6CF1292B9A}"
EndProject
Project("{FAE04EC0-301F-11D3-BF4B-00C04F79EFBC}") = "Zetian.Storage", "src\Storage\Zetian.Storage\Zetian.Storage.csproj", "{1504C812-28B4-96B0-1558-7A598B784821}"
EndProject
Project("{FAE04EC0-301F-11D3-BF4B-00C04F79EFBC}") = "Zetian.Storage.AmazonS3", "src\Storage\Zetian.Storage.AmazonS3\Zetian.Storage.AmazonS3.csproj", "{8818C858-BB7F-2E2D-32C7-2AF6A4BB043C}"
EndProject
Project("{FAE04EC0-301F-11D3-BF4B-00C04F79EFBC}") = "Zetian.Storage.AzureBlob", "src\Storage\Zetian.Storage.AzureBlob\Zetian.Storage.AzureBlob.csproj", "{6B8857BD-37F6-1635-60B2-3DB34BF00017}"
EndProject
Project("{FAE04EC0-301F-11D3-BF4B-00C04F79EFBC}") = "Zetian.Storage.PostgreSQL", "src\Storage\Zetian.Storage.PostgreSQL\Zetian.Storage.PostgreSQL.csproj", "{507AF56D-71BC-6223-476B-1BF99EBBDFA0}"
EndProject
Project("{FAE04EC0-301F-11D3-BF4B-00C04F79EFBC}") = "Zetian.Storage.MongoDB", "src\Storage\Zetian.Storage.MongoDB\Zetian.Storage.MongoDB.csproj", "{34AED453-809A-1967-0E1E-C531820D9BE2}"
EndProject
Project("{FAE04EC0-301F-11D3-BF4B-00C04F79EFBC}") = "Zetian.Storage.Redis", "src\Storage\Zetian.Storage.Redis\Zetian.Storage.Redis.csproj", "{CC7EB0A0-D9AD-E97F-7504-7FC98713E77B}"
EndProject
Project("{FAE04EC0-301F-11D3-BF4B-00C04F79EFBC}") = "Zetian.Storage.SqlServer", "src\Storage\Zetian.Storage.SqlServer\Zetian.Storage.SqlServer.csproj", "{035D95AE-9CDD-8633-7643-C6C7F4D7B691}"
EndProject
Project("{FAE04EC0-301F-11D3-BF4B-00C04F79EFBC}") = "Zetian.AntiSpam", "src\Zetian.AntiSpam\Zetian.AntiSpam.csproj", "{0C87BAA4-2EC5-9EB9-1494-3429A7E38D57}"
EndProject
Project("{FAE04EC0-301F-11D3-BF4B-00C04F79EFBC}") = "Zetian.AntiSpam.Examples", "examples\Zetian.AntiSpam.Examples\Zetian.AntiSpam.Examples.csproj", "{5FA431F4-8463-EB53-CF41-DD7600003195}"
EndProject
Project("{FAE04EC0-301F-11D3-BF4B-00C04F79EFBC}") = "Zetian.Monitoring", "src\Zetian.Monitoring\Zetian.Monitoring.csproj", "{125A59B3-05B7-343A-C2CF-70D49722D63A}"
EndProject
Project("{FAE04EC0-301F-11D3-BF4B-00C04F79EFBC}") = "Zetian.Monitoring.Examples", "examples\Zetian.Monitoring.Examples\Zetian.Monitoring.Examples.csproj", "{C14C93C1-F9A3-56F9-1270-FAB983C7C656}"
EndProject
Project("{FAE04EC0-301F-11D3-BF4B-00C04F79EFBC}") = "Zetian.Relay", "src\Zetian.Relay\Zetian.Relay.csproj", "{4D5C5931-37B5-9D94-ED76-B6DD18E04D06}"
EndProject
Project("{FAE04EC0-301F-11D3-BF4B-00C04F79EFBC}") = "Zetian.Relay.Examples", "examples\Zetian.Relay.Examples\Zetian.Relay.Examples.csproj", "{63574CBB-5C8B-B696-76D1-C3B6EDBB1447}"
EndProject
Global
	GlobalSection(SolutionConfigurationPlatforms) = preSolution
		Debug|Any CPU = Debug|Any CPU
		Release|Any CPU = Release|Any CPU
	EndGlobalSection
	GlobalSection(ProjectConfigurationPlatforms) = postSolution
		{A1B2C3D4-E5F6-7890-1234-567890ABCDEF}.Debug|Any CPU.ActiveCfg = Debug|Any CPU
		{A1B2C3D4-E5F6-7890-1234-567890ABCDEF}.Debug|Any CPU.Build.0 = Debug|Any CPU
		{A1B2C3D4-E5F6-7890-1234-567890ABCDEF}.Release|Any CPU.ActiveCfg = Release|Any CPU
		{A1B2C3D4-E5F6-7890-1234-567890ABCDEF}.Release|Any CPU.Build.0 = Release|Any CPU
		{F1E2D3C4-B5A6-9870-4321-0987654321FE}.Debug|Any CPU.ActiveCfg = Debug|Any CPU
		{F1E2D3C4-B5A6-9870-4321-0987654321FE}.Debug|Any CPU.Build.0 = Debug|Any CPU
		{F1E2D3C4-B5A6-9870-4321-0987654321FE}.Release|Any CPU.ActiveCfg = Release|Any CPU
		{F1E2D3C4-B5A6-9870-4321-0987654321FE}.Release|Any CPU.Build.0 = Release|Any CPU
		{D1C2B3A4-5E6F-8901-2345-678901234567}.Debug|Any CPU.ActiveCfg = Debug|Any CPU
		{D1C2B3A4-5E6F-8901-2345-678901234567}.Debug|Any CPU.Build.0 = Debug|Any CPU
		{D1C2B3A4-5E6F-8901-2345-678901234567}.Release|Any CPU.ActiveCfg = Release|Any CPU
		{D1C2B3A4-5E6F-8901-2345-678901234567}.Release|Any CPU.Build.0 = Release|Any CPU
		{E2D3C4F5-B6A7-0981-5432-109876543210}.Debug|Any CPU.ActiveCfg = Debug|Any CPU
		{E2D3C4F5-B6A7-0981-5432-109876543210}.Debug|Any CPU.Build.0 = Debug|Any CPU
		{E2D3C4F5-B6A7-0981-5432-109876543210}.Release|Any CPU.ActiveCfg = Release|Any CPU
		{E2D3C4F5-B6A7-0981-5432-109876543210}.Release|Any CPU.Build.0 = Release|Any CPU
		{5645B999-435A-CB2F-BD03-97D3D8650756}.Debug|Any CPU.ActiveCfg = Debug|Any CPU
		{5645B999-435A-CB2F-BD03-97D3D8650756}.Debug|Any CPU.Build.0 = Debug|Any CPU
		{5645B999-435A-CB2F-BD03-97D3D8650756}.Release|Any CPU.ActiveCfg = Release|Any CPU
		{5645B999-435A-CB2F-BD03-97D3D8650756}.Release|Any CPU.Build.0 = Release|Any CPU
		{0C69FB50-DDB3-929E-F54E-54E2F1E8FCFE}.Debug|Any CPU.ActiveCfg = Debug|Any CPU
		{0C69FB50-DDB3-929E-F54E-54E2F1E8FCFE}.Debug|Any CPU.Build.0 = Debug|Any CPU
		{0C69FB50-DDB3-929E-F54E-54E2F1E8FCFE}.Release|Any CPU.ActiveCfg = Release|Any CPU
		{0C69FB50-DDB3-929E-F54E-54E2F1E8FCFE}.Release|Any CPU.Build.0 = Release|Any CPU
		{52CC353C-642C-34DE-86DF-4CCBBB686977}.Debug|Any CPU.ActiveCfg = Debug|Any CPU
		{52CC353C-642C-34DE-86DF-4CCBBB686977}.Debug|Any CPU.Build.0 = Debug|Any CPU
		{52CC353C-642C-34DE-86DF-4CCBBB686977}.Release|Any CPU.ActiveCfg = Release|Any CPU
		{52CC353C-642C-34DE-86DF-4CCBBB686977}.Release|Any CPU.Build.0 = Release|Any CPU
		{2FE5FDB6-73D0-36E6-0A5D-1176030BEBA7}.Debug|Any CPU.ActiveCfg = Debug|Any CPU
		{2FE5FDB6-73D0-36E6-0A5D-1176030BEBA7}.Debug|Any CPU.Build.0 = Debug|Any CPU
		{2FE5FDB6-73D0-36E6-0A5D-1176030BEBA7}.Release|Any CPU.ActiveCfg = Release|Any CPU
		{2FE5FDB6-73D0-36E6-0A5D-1176030BEBA7}.Release|Any CPU.Build.0 = Release|Any CPU
		{B017C8D0-33F6-ED83-D48E-6604A980A771}.Debug|Any CPU.ActiveCfg = Debug|Any CPU
		{B017C8D0-33F6-ED83-D48E-6604A980A771}.Debug|Any CPU.Build.0 = Debug|Any CPU
		{B017C8D0-33F6-ED83-D48E-6604A980A771}.Release|Any CPU.ActiveCfg = Release|Any CPU
		{B017C8D0-33F6-ED83-D48E-6604A980A771}.Release|Any CPU.Build.0 = Release|Any CPU
		{1714FB89-C994-E927-2C2F-40CFF72C18CA}.Debug|Any CPU.ActiveCfg = Debug|Any CPU
		{1714FB89-C994-E927-2C2F-40CFF72C18CA}.Debug|Any CPU.Build.0 = Debug|Any CPU
		{1714FB89-C994-E927-2C2F-40CFF72C18CA}.Release|Any CPU.ActiveCfg = Release|Any CPU
		{1714FB89-C994-E927-2C2F-40CFF72C18CA}.Release|Any CPU.Build.0 = Release|Any CPU
		{1504C812-28B4-96B0-1558-7A598B784821}.Debug|Any CPU.ActiveCfg = Debug|Any CPU
		{1504C812-28B4-96B0-1558-7A598B784821}.Debug|Any CPU.Build.0 = Debug|Any CPU
		{1504C812-28B4-96B0-1558-7A598B784821}.Release|Any CPU.ActiveCfg = Release|Any CPU
		{1504C812-28B4-96B0-1558-7A598B784821}.Release|Any CPU.Build.0 = Release|Any CPU
		{8818C858-BB7F-2E2D-32C7-2AF6A4BB043C}.Debug|Any CPU.ActiveCfg = Debug|Any CPU
		{8818C858-BB7F-2E2D-32C7-2AF6A4BB043C}.Debug|Any CPU.Build.0 = Debug|Any CPU
		{8818C858-BB7F-2E2D-32C7-2AF6A4BB043C}.Release|Any CPU.ActiveCfg = Release|Any CPU
		{8818C858-BB7F-2E2D-32C7-2AF6A4BB043C}.Release|Any CPU.Build.0 = Release|Any CPU
		{6B8857BD-37F6-1635-60B2-3DB34BF00017}.Debug|Any CPU.ActiveCfg = Debug|Any CPU
		{6B8857BD-37F6-1635-60B2-3DB34BF00017}.Debug|Any CPU.Build.0 = Debug|Any CPU
		{6B8857BD-37F6-1635-60B2-3DB34BF00017}.Release|Any CPU.ActiveCfg = Release|Any CPU
		{6B8857BD-37F6-1635-60B2-3DB34BF00017}.Release|Any CPU.Build.0 = Release|Any CPU
		{507AF56D-71BC-6223-476B-1BF99EBBDFA0}.Debug|Any CPU.ActiveCfg = Debug|Any CPU
		{507AF56D-71BC-6223-476B-1BF99EBBDFA0}.Debug|Any CPU.Build.0 = Debug|Any CPU
		{507AF56D-71BC-6223-476B-1BF99EBBDFA0}.Release|Any CPU.ActiveCfg = Release|Any CPU
		{507AF56D-71BC-6223-476B-1BF99EBBDFA0}.Release|Any CPU.Build.0 = Release|Any CPU
		{34AED453-809A-1967-0E1E-C531820D9BE2}.Debug|Any CPU.ActiveCfg = Debug|Any CPU
		{34AED453-809A-1967-0E1E-C531820D9BE2}.Debug|Any CPU.Build.0 = Debug|Any CPU
		{34AED453-809A-1967-0E1E-C531820D9BE2}.Release|Any CPU.ActiveCfg = Release|Any CPU
		{34AED453-809A-1967-0E1E-C531820D9BE2}.Release|Any CPU.Build.0 = Release|Any CPU
		{CC7EB0A0-D9AD-E97F-7504-7FC98713E77B}.Debug|Any CPU.ActiveCfg = Debug|Any CPU
		{CC7EB0A0-D9AD-E97F-7504-7FC98713E77B}.Debug|Any CPU.Build.0 = Debug|Any CPU
		{CC7EB0A0-D9AD-E97F-7504-7FC98713E77B}.Release|Any CPU.ActiveCfg = Release|Any CPU
		{CC7EB0A0-D9AD-E97F-7504-7FC98713E77B}.Release|Any CPU.Build.0 = Release|Any CPU
		{035D95AE-9CDD-8633-7643-C6C7F4D7B691}.Debug|Any CPU.ActiveCfg = Debug|Any CPU
		{035D95AE-9CDD-8633-7643-C6C7F4D7B691}.Debug|Any CPU.Build.0 = Debug|Any CPU
		{035D95AE-9CDD-8633-7643-C6C7F4D7B691}.Release|Any CPU.ActiveCfg = Release|Any CPU
		{035D95AE-9CDD-8633-7643-C6C7F4D7B691}.Release|Any CPU.Build.0 = Release|Any CPU
		{0C87BAA4-2EC5-9EB9-1494-3429A7E38D57}.Debug|Any CPU.ActiveCfg = Debug|Any CPU
		{0C87BAA4-2EC5-9EB9-1494-3429A7E38D57}.Debug|Any CPU.Build.0 = Debug|Any CPU
		{0C87BAA4-2EC5-9EB9-1494-3429A7E38D57}.Release|Any CPU.ActiveCfg = Release|Any CPU
		{0C87BAA4-2EC5-9EB9-1494-3429A7E38D57}.Release|Any CPU.Build.0 = Release|Any CPU
		{5FA431F4-8463-EB53-CF41-DD7600003195}.Debug|Any CPU.ActiveCfg = Debug|Any CPU
		{5FA431F4-8463-EB53-CF41-DD7600003195}.Debug|Any CPU.Build.0 = Debug|Any CPU
		{5FA431F4-8463-EB53-CF41-DD7600003195}.Release|Any CPU.ActiveCfg = Release|Any CPU
		{5FA431F4-8463-EB53-CF41-DD7600003195}.Release|Any CPU.Build.0 = Release|Any CPU
		{125A59B3-05B7-343A-C2CF-70D49722D63A}.Debug|Any CPU.ActiveCfg = Debug|Any CPU
		{125A59B3-05B7-343A-C2CF-70D49722D63A}.Debug|Any CPU.Build.0 = Debug|Any CPU
		{125A59B3-05B7-343A-C2CF-70D49722D63A}.Release|Any CPU.ActiveCfg = Release|Any CPU
		{125A59B3-05B7-343A-C2CF-70D49722D63A}.Release|Any CPU.Build.0 = Release|Any CPU
		{C14C93C1-F9A3-56F9-1270-FAB983C7C656}.Debug|Any CPU.ActiveCfg = Debug|Any CPU
		{C14C93C1-F9A3-56F9-1270-FAB983C7C656}.Debug|Any CPU.Build.0 = Debug|Any CPU
		{C14C93C1-F9A3-56F9-1270-FAB983C7C656}.Release|Any CPU.ActiveCfg = Release|Any CPU
		{C14C93C1-F9A3-56F9-1270-FAB983C7C656}.Release|Any CPU.Build.0 = Release|Any CPU
		{4D5C5931-37B5-9D94-ED76-B6DD18E04D06}.Debug|Any CPU.ActiveCfg = Debug|Any CPU
		{4D5C5931-37B5-9D94-ED76-B6DD18E04D06}.Debug|Any CPU.Build.0 = Debug|Any CPU
		{4D5C5931-37B5-9D94-ED76-B6DD18E04D06}.Release|Any CPU.ActiveCfg = Release|Any CPU
		{4D5C5931-37B5-9D94-ED76-B6DD18E04D06}.Release|Any CPU.Build.0 = Release|Any CPU
		{63574CBB-5C8B-B696-76D1-C3B6EDBB1447}.Debug|Any CPU.ActiveCfg = Debug|Any CPU
		{63574CBB-5C8B-B696-76D1-C3B6EDBB1447}.Debug|Any CPU.Build.0 = Debug|Any CPU
		{63574CBB-5C8B-B696-76D1-C3B6EDBB1447}.Release|Any CPU.ActiveCfg = Release|Any CPU
		{63574CBB-5C8B-B696-76D1-C3B6EDBB1447}.Release|Any CPU.Build.0 = Release|Any CPU
	EndGlobalSection
	GlobalSection(SolutionProperties) = preSolution
		HideSolutionNode = FALSE
	EndGlobalSection
	GlobalSection(NestedProjects) = preSolution
		{A1B2C3D4-E5F6-7890-1234-567890ABCDEF} = {1A2B3C4D-5E6F-7890-AB12-CD34567890EF}
		{F1E2D3C4-B5A6-9870-4321-0987654321FE} = {9A8B7C6D-5E4F-3210-FE21-0987654321DC}
		{D1C2B3A4-5E6F-8901-2345-678901234567} = {7A6B5C4D-3E2F-1098-7654-321098765432}
		{E2D3C4F5-B6A7-0981-5432-109876543210} = {8B7C6D5E-4F3A-2109-8765-432101234567}
		{5645B999-435A-CB2F-BD03-97D3D8650756} = {7A6B5C4D-3E2F-1098-7654-321098765432}
		{0C69FB50-DDB3-929E-F54E-54E2F1E8FCFE} = {1A2B3C4D-5E6F-7890-AB12-CD34567890EF}
		{52CC353C-642C-34DE-86DF-4CCBBB686977} = {9A8B7C6D-5E4F-3210-FE21-0987654321DC}
		{2FE5FDB6-73D0-36E6-0A5D-1176030BEBA7} = {7A6B5C4D-3E2F-1098-7654-321098765432}
		{B017C8D0-33F6-ED83-D48E-6604A980A771} = {7A6B5C4D-3E2F-1098-7654-321098765432}
		{1714FB89-C994-E927-2C2F-40CFF72C18CA} = {8B7C6D5E-4F3A-2109-8765-432101234567}
		{08125640-7492-4998-ABE2-9D6CF1292B9A} = {1A2B3C4D-5E6F-7890-AB12-CD34567890EF}
		{1504C812-28B4-96B0-1558-7A598B784821} = {08125640-7492-4998-ABE2-9D6CF1292B9A}
		{8818C858-BB7F-2E2D-32C7-2AF6A4BB043C} = {08125640-7492-4998-ABE2-9D6CF1292B9A}
		{6B8857BD-37F6-1635-60B2-3DB34BF00017} = {08125640-7492-4998-ABE2-9D6CF1292B9A}
		{507AF56D-71BC-6223-476B-1BF99EBBDFA0} = {08125640-7492-4998-ABE2-9D6CF1292B9A}
		{34AED453-809A-1967-0E1E-C531820D9BE2} = {08125640-7492-4998-ABE2-9D6CF1292B9A}
		{CC7EB0A0-D9AD-E97F-7504-7FC98713E77B} = {08125640-7492-4998-ABE2-9D6CF1292B9A}
		{035D95AE-9CDD-8633-7643-C6C7F4D7B691} = {08125640-7492-4998-ABE2-9D6CF1292B9A}
		{0C87BAA4-2EC5-9EB9-1494-3429A7E38D57} = {1A2B3C4D-5E6F-7890-AB12-CD34567890EF}
		{5FA431F4-8463-EB53-CF41-DD7600003195} = {7A6B5C4D-3E2F-1098-7654-321098765432}
		{125A59B3-05B7-343A-C2CF-70D49722D63A} = {1A2B3C4D-5E6F-7890-AB12-CD34567890EF}
		{C14C93C1-F9A3-56F9-1270-FAB983C7C656} = {7A6B5C4D-3E2F-1098-7654-321098765432}
		{4D5C5931-37B5-9D94-ED76-B6DD18E04D06} = {1A2B3C4D-5E6F-7890-AB12-CD34567890EF}
		{63574CBB-5C8B-B696-76D1-C3B6EDBB1447} = {7A6B5C4D-3E2F-1098-7654-321098765432}
	EndGlobalSection
	GlobalSection(ExtensibilityGlobals) = postSolution
		SolutionGuid = {B1A2C3D4-5E6F-7890-1234-567890FEDCBA}
	EndGlobalSection
EndGlobal
