Microsoft Visual Studio Solution File, Format Version 12.00
# Visual Studio Version 18
VisualStudioVersion = 18.0.11116.177
MinimumVisualStudioVersion = 10.0.40219.1
Project("{9A19103F-16F7-4668-BE54-9A1E7A4F7556}") = "Zetian", "src\Zetian\Zetian.csproj", "{A1B2C3D4-E5F6-7890-1234-567890ABCDEF}"
EndProject
Project("{9A19103F-16F7-4668-BE54-9A1E7A4F7556}") = "Zetian.Tests", "tests\Zetian.Tests\Zetian.Tests.csproj", "{F1E2D3C4-B5A6-9870-4321-0987654321FE}"
EndProject
Project("{9A19103F-16F7-4668-BE54-9A1E7A4F7556}") = "Zetian.Examples", "examples\Zetian.Examples\Zetian.Examples.csproj", "{D1C2B3A4-5E6F-8901-2345-678901234567}"
EndProject
Project("{9A19103F-16F7-4668-BE54-9A1E7A4F7556}") = "Zetian.Benchmarks", "benchmarks\Zetian.Benchmarks\Zetian.Benchmarks.csproj", "{E2D3C4F5-B6A7-0981-5432-109876543210}"
EndProject
Project("{2150E333-8FDC-42A3-9474-1A3956D46DE8}") = "src", "src", "{1A2B3C4D-5E6F-7890-AB12-CD34567890EF}"
EndProject
Project("{2150E333-8FDC-42A3-9474-1A3956D46DE8}") = "tests", "tests", "{9A8B7C6D-5E4F-3210-FE21-0987654321DC}"
EndProject
Project("{2150E333-8FDC-42A3-9474-1A3956D46DE8}") = "examples", "examples", "{7A6B5C4D-3E2F-1098-7654-321098765432}"
EndProject
Project("{2150E333-8FDC-42A3-9474-1A3956D46DE8}") = "benchmarks", "benchmarks", "{8B7C6D5E-4F3A-2109-8765-432101234567}"
EndProject
Project("{2150E333-8FDC-42A3-9474-1A3956D46DE8}") = "Solution Items", "Solution Items", "{089100B1-113F-4E66-888A-E83F3999EAFD}"
	ProjectSection(SolutionItems) = preProject
		.editorconfig = .editorconfig
		global.json = global.json
		NuGet.Config = NuGet.Config
	EndProjectSection
EndProject
Project("{FAE04EC0-301F-11D3-BF4B-00C04F79EFBC}") = "Zetian.TestExamples", "examples\Zetian.TestExamples\Zetian.TestExamples.csproj", "{5645B999-435A-CB2F-BD03-97D3D8650756}"
EndProject
Project("{FAE04EC0-301F-11D3-BF4B-00C04F79EFBC}") = "Zetian.HealthCheck", "src\Zetian.HealthCheck\Zetian.HealthCheck.csproj", "{0C69FB50-DDB3-929E-F54E-54E2F1E8FCFE}"
EndProject
Project("{FAE04EC0-301F-11D3-BF4B-00C04F79EFBC}") = "Zetian.HealthCheck.Tests", "tests\Zetian.HealthCheck.Tests\Zetian.HealthCheck.Tests.csproj", "{52CC353C-642C-34DE-86DF-4CCBBB686977}"
EndProject
Project("{FAE04EC0-301F-11D3-BF4B-00C04F79EFBC}") = "Zetian.HealthCheck.Examples", "examples\Zetian.HealthCheck.Examples\Zetian.HealthCheck.Examples.csproj", "{2FE5FDB6-73D0-36E6-0A5D-1176030BEBA7}"
EndProject
Project("{FAE04EC0-301F-11D3-BF4B-00C04F79EFBC}") = "Zetian.AotExamples", "examples\Zetian.AotExamples\Zetian.AotExamples.csproj", "{B017C8D0-33F6-ED83-D48E-6604A980A771}"
EndProject
Project("{FAE04EC0-301F-11D3-BF4B-00C04F79EFBC}") = "Zetian.Compare.Benchmarks", "benchmarks\Zetian.Compare.Benchmarks\Zetian.Compare.Benchmarks.csproj", "{1714FB89-C994-E927-2C2F-40CFF72C18CA}"
EndProject
Project("{FAE04EC0-301F-11D3-BF4B-00C04F79EFBC}") = "Zetian.Storage.Providers", "src\Zetian.Storage.Providers\Zetian.Storage.Providers.csproj", "{88840C95-9E90-D685-EE3B-2B43E3023783}"
EndProject
Global
	GlobalSection(SolutionConfigurationPlatforms) = preSolution
		Debug|Any CPU = Debug|Any CPU
		Release|Any CPU = Release|Any CPU
	EndGlobalSection
	GlobalSection(ProjectConfigurationPlatforms) = postSolution
		{A1B2C3D4-E5F6-7890-1234-567890ABCDEF}.Debug|Any CPU.ActiveCfg = Debug|Any CPU
		{A1B2C3D4-E5F6-7890-1234-567890ABCDEF}.Debug|Any CPU.Build.0 = Debug|Any CPU
		{A1B2C3D4-E5F6-7890-1234-567890ABCDEF}.Release|Any CPU.ActiveCfg = Release|Any CPU
		{A1B2C3D4-E5F6-7890-1234-567890ABCDEF}.Release|Any CPU.Build.0 = Release|Any CPU
		{F1E2D3C4-B5A6-9870-4321-0987654321FE}.Debug|Any CPU.ActiveCfg = Debug|Any CPU
		{F1E2D3C4-B5A6-9870-4321-0987654321FE}.Debug|Any CPU.Build.0 = Debug|Any CPU
		{F1E2D3C4-B5A6-9870-4321-0987654321FE}.Release|Any CPU.ActiveCfg = Release|Any CPU
		{F1E2D3C4-B5A6-9870-4321-0987654321FE}.Release|Any CPU.Build.0 = Release|Any CPU
		{D1C2B3A4-5E6F-8901-2345-678901234567}.Debug|Any CPU.ActiveCfg = Debug|Any CPU
		{D1C2B3A4-5E6F-8901-2345-678901234567}.Debug|Any CPU.Build.0 = Debug|Any CPU
		{D1C2B3A4-5E6F-8901-2345-678901234567}.Release|Any CPU.ActiveCfg = Release|Any CPU
		{D1C2B3A4-5E6F-8901-2345-678901234567}.Release|Any CPU.Build.0 = Release|Any CPU
		{E2D3C4F5-B6A7-0981-5432-109876543210}.Debug|Any CPU.ActiveCfg = Debug|Any CPU
		{E2D3C4F5-B6A7-0981-5432-109876543210}.Debug|Any CPU.Build.0 = Debug|Any CPU
		{E2D3C4F5-B6A7-0981-5432-109876543210}.Release|Any CPU.ActiveCfg = Release|Any CPU
		{E2D3C4F5-B6A7-0981-5432-109876543210}.Release|Any CPU.Build.0 = Release|Any CPU
		{5645B999-435A-CB2F-BD03-97D3D8650756}.Debug|Any CPU.ActiveCfg = Debug|Any CPU
		{5645B999-435A-CB2F-BD03-97D3D8650756}.Debug|Any CPU.Build.0 = Debug|Any CPU
		{5645B999-435A-CB2F-BD03-97D3D8650756}.Release|Any CPU.ActiveCfg = Release|Any CPU
		{5645B999-435A-CB2F-BD03-97D3D8650756}.Release|Any CPU.Build.0 = Release|Any CPU
		{0C69FB50-DDB3-929E-F54E-54E2F1E8FCFE}.Debug|Any CPU.ActiveCfg = Debug|Any CPU
		{0C69FB50-DDB3-929E-F54E-54E2F1E8FCFE}.Debug|Any CPU.Build.0 = Debug|Any CPU
		{0C69FB50-DDB3-929E-F54E-54E2F1E8FCFE}.Release|Any CPU.ActiveCfg = Release|Any CPU
		{0C69FB50-DDB3-929E-F54E-54E2F1E8FCFE}.Release|Any CPU.Build.0 = Release|Any CPU
		{52CC353C-642C-34DE-86DF-4CCBBB686977}.Debug|Any CPU.ActiveCfg = Debug|Any CPU
		{52CC353C-642C-34DE-86DF-4CCBBB686977}.Debug|Any CPU.Build.0 = Debug|Any CPU
		{52CC353C-642C-34DE-86DF-4CCBBB686977}.Release|Any CPU.ActiveCfg = Release|Any CPU
		{52CC353C-642C-34DE-86DF-4CCBBB686977}.Release|Any CPU.Build.0 = Release|Any CPU
		{2FE5FDB6-73D0-36E6-0A5D-1176030BEBA7}.Debug|Any CPU.ActiveCfg = Debug|Any CPU
		{2FE5FDB6-73D0-36E6-0A5D-1176030BEBA7}.Debug|Any CPU.Build.0 = Debug|Any CPU
		{2FE5FDB6-73D0-36E6-0A5D-1176030BEBA7}.Release|Any CPU.ActiveCfg = Release|Any CPU
		{2FE5FDB6-73D0-36E6-0A5D-1176030BEBA7}.Release|Any CPU.Build.0 = Release|Any CPU
		{B017C8D0-33F6-ED83-D48E-6604A980A771}.Debug|Any CPU.ActiveCfg = Debug|Any CPU
		{B017C8D0-33F6-ED83-D48E-6604A980A771}.Debug|Any CPU.Build.0 = Debug|Any CPU
		{B017C8D0-33F6-ED83-D48E-6604A980A771}.Release|Any CPU.ActiveCfg = Release|Any CPU
		{B017C8D0-33F6-ED83-D48E-6604A980A771}.Release|Any CPU.Build.0 = Release|Any CPU
		{1714FB89-C994-E927-2C2F-40CFF72C18CA}.Debug|Any CPU.ActiveCfg = Debug|Any CPU
		{1714FB89-C994-E927-2C2F-40CFF72C18CA}.Debug|Any CPU.Build.0 = Debug|Any CPU
		{1714FB89-C994-E927-2C2F-40CFF72C18CA}.Release|Any CPU.ActiveCfg = Release|Any CPU
		{1714FB89-C994-E927-2C2F-40CFF72C18CA}.Release|Any CPU.Build.0 = Release|Any CPU
		{88840C95-9E90-D685-EE3B-2B43E3023783}.Debug|Any CPU.ActiveCfg = Debug|Any CPU
		{88840C95-9E90-D685-EE3B-2B43E3023783}.Debug|Any CPU.Build.0 = Debug|Any CPU
		{88840C95-9E90-D685-EE3B-2B43E3023783}.Release|Any CPU.ActiveCfg = Release|Any CPU
		{88840C95-9E90-D685-EE3B-2B43E3023783}.Release|Any CPU.Build.0 = Release|Any CPU
	EndGlobalSection
	GlobalSection(SolutionProperties) = preSolution
		HideSolutionNode = FALSE
	EndGlobalSection
	GlobalSection(NestedProjects) = preSolution
		{A1B2C3D4-E5F6-7890-1234-567890ABCDEF} = {1A2B3C4D-5E6F-7890-AB12-CD34567890EF}
		{F1E2D3C4-B5A6-9870-4321-0987654321FE} = {9A8B7C6D-5E4F-3210-FE21-0987654321DC}
		{D1C2B3A4-5E6F-8901-2345-678901234567} = {7A6B5C4D-3E2F-1098-7654-321098765432}
		{E2D3C4F5-B6A7-0981-5432-109876543210} = {8B7C6D5E-4F3A-2109-8765-432101234567}
		{5645B999-435A-CB2F-BD03-97D3D8650756} = {7A6B5C4D-3E2F-1098-7654-321098765432}
		{0C69FB50-DDB3-929E-F54E-54E2F1E8FCFE} = {1A2B3C4D-5E6F-7890-AB12-CD34567890EF}
		{52CC353C-642C-34DE-86DF-4CCBBB686977} = {9A8B7C6D-5E4F-3210-FE21-0987654321DC}
		{2FE5FDB6-73D0-36E6-0A5D-1176030BEBA7} = {7A6B5C4D-3E2F-1098-7654-321098765432}
		{B017C8D0-33F6-ED83-D48E-6604A980A771} = {7A6B5C4D-3E2F-1098-7654-321098765432}
		{1714FB89-C994-E927-2C2F-40CFF72C18CA} = {8B7C6D5E-4F3A-2109-8765-432101234567}
		{88840C95-9E90-D685-EE3B-2B43E3023783} = {1A2B3C4D-5E6F-7890-AB12-CD34567890EF}
	EndGlobalSection
	GlobalSection(ExtensibilityGlobals) = postSolution
		SolutionGuid = {B1A2C3D4-5E6F-7890-1234-567890FEDCBA}
	EndGlobalSection
EndGlobal
